// !$*UTF8*$!
{
	archiveVersion = 1;
	classes = {
	};
	objectVersion = 46;
	objects = {

/* Begin PBXBuildFile section */
		06755D381A52B84D007CF56F /* main.m in Sources */ = {isa = PBXBuildFile; fileRef = 06755D371A52B84D007CF56F /* main.m */; };
		06755D3B1A52B84D007CF56F /* AppDelegate.m in Sources */ = {isa = PBXBuildFile; fileRef = 06755D3A1A52B84D007CF56F /* AppDelegate.m */; };
		06755D3E1A52B84D007CF56F /* ViewController.m in Sources */ = {isa = PBXBuildFile; fileRef = 06755D3D1A52B84D007CF56F /* ViewController.m */; };
		06755D411A52B84D007CF56F /* Main.storyboard in Resources */ = {isa = PBXBuildFile; fileRef = 06755D3F1A52B84D007CF56F /* Main.storyboard */; };
		06755D431A52B84D007CF56F /* Images.xcassets in Resources */ = {isa = PBXBuildFile; fileRef = 06755D421A52B84D007CF56F /* Images.xcassets */; };
		06755D461A52B84D007CF56F /* LaunchScreen.xib in Resources */ = {isa = PBXBuildFile; fileRef = 06755D441A52B84D007CF56F /* LaunchScreen.xib */; };
		06755D521A52B84D007CF56F /* TerminEinfuegenTests.m in Sources */ = {isa = PBXBuildFile; fileRef = 06755D511A52B84D007CF56F /* TerminEinfuegenTests.m */; };
		06755D5C1A52CBA4007CF56F /* EventKit.framework in Frameworks */ = {isa = PBXBuildFile; fileRef = 06755D5B1A52CBA4007CF56F /* EventKit.framework */; };
		06755D5E1A52CBAD007CF56F /* EventKitUI.framework in Frameworks */ = {isa = PBXBuildFile; fileRef = 06755D5D1A52CBAD007CF56F /* EventKitUI.framework */; };
/* End PBXBuildFile section */

/* Begin PBXContainerItemProxy section */
		06755D4C1A52B84D007CF56F /* PBXContainerItemProxy */ = {
			isa = PBXContainerItemProxy;
			containerPortal = 06755D2A1A52B84D007CF56F /* Project object */;
			proxyType = 1;
			remoteGlobalIDString = 06755D311A52B84D007CF56F;
			remoteInfo = TerminEinfuegen;
		};
/* End PBXContainerItemProxy section */

/* Begin PBXFileReference section */
		06755D321A52B84D007CF56F /* TerminEinfuegen.app */ = {isa = PBXFileReference; explicitFileType = wrapper.application; includeInIndex = 0; path = TerminEinfuegen.app; sourceTree = BUILT_PRODUCTS_DIR; };
		06755D361A52B84D007CF56F /* Info.plist */ = {isa = PBXFileReference; lastKnownFileType = text.plist.xml; path = Info.plist; sourceTree = "<group>"; };
		06755D371A52B84D007CF56F /* main.m */ = {isa = PBXFileReference; lastKnownFileType = sourcecode.c.objc; path = main.m; sourceTree = "<group>"; };
		06755D391A52B84D007CF56F /* AppDelegate.h */ = {isa = PBXFileReference; lastKnownFileType = sourcecode.c.h; path = AppDelegate.h; sourceTree = "<group>"; };
		06755D3A1A52B84D007CF56F /* AppDelegate.m */ = {isa = PBXFileReference; lastKnownFileType = sourcecode.c.objc; path = AppDelegate.m; sourceTree = "<group>"; };
		06755D3C1A52B84D007CF56F /* ViewController.h */ = {isa = PBXFileReference; lastKnownFileType = sourcecode.c.h; path = ViewController.h; sourceTree = "<group>"; };
		06755D3D1A52B84D007CF56F /* ViewController.m */ = {isa = PBXFileReference; lastKnownFileType = sourcecode.c.objc; path = ViewController.m; sourceTree = "<group>"; };
		06755D401A52B84D007CF56F /* Base */ = {isa = PBXFileReference; lastKnownFileType = file.storyboard; name = Base; path = Base.lproj/Main.storyboard; sourceTree = "<group>"; };
		06755D421A52B84D007CF56F /* Images.xcassets */ = {isa = PBXFileReference; lastKnownFileType = folder.assetcatalog; path = Images.xcassets; sourceTree = "<group>"; };
		06755D451A52B84D007CF56F /* Base */ = {isa = PBXFileReference; lastKnownFileType = file.xib; name = Base; path = Base.lproj/LaunchScreen.xib; sourceTree = "<group>"; };
		06755D4B1A52B84D007CF56F /* TerminEinfuegenTests.xctest */ = {isa = PBXFileReference; explicitFileType = wrapper.cfbundle; includeInIndex = 0; path = TerminEinfuegenTests.xctest; sourceTree = BUILT_PRODUCTS_DIR; };
		06755D501A52B84D007CF56F /* Info.plist */ = {isa = PBXFileReference; lastKnownFileType = text.plist.xml; path = Info.plist; sourceTree = "<group>"; };
		06755D511A52B84D007CF56F /* TerminEinfuegenTests.m */ = {isa = PBXFileReference; lastKnownFileType = sourcecode.c.objc; path = TerminEinfuegenTests.m; sourceTree = "<group>"; };
		06755D5B1A52CBA4007CF56F /* EventKit.framework */ = {isa = PBXFileReference; lastKnownFileType = wrapper.framework; name = EventKit.framework; path = System/Library/Frameworks/EventKit.framework; sourceTree = SDKROOT; };
		06755D5D1A52CBAD007CF56F /* EventKitUI.framework */ = {isa = PBXFileReference; lastKnownFileType = wrapper.framework; name = EventKitUI.framework; path = System/Library/Frameworks/EventKitUI.framework; sourceTree = SDKROOT; };
/* End PBXFileReference section */

/* Begin PBXFrameworksBuildPhase section */
		06755D2F1A52B84D007CF56F /* Frameworks */ = {
			isa = PBXFrameworksBuildPhase;
			buildActionMask = 2147483647;
			files = (
				06755D5E1A52CBAD007CF56F /* EventKitUI.framework in Frameworks */,
				06755D5C1A52CBA4007CF56F /* EventKit.framework in Frameworks */,
			);
			runOnlyForDeploymentPostprocessing = 0;
		};
		06755D481A52B84D007CF56F /* Frameworks */ = {
			isa = PBXFrameworksBuildPhase;
			buildActionMask = 2147483647;
			files = (
			);
			runOnlyForDeploymentPostprocessing = 0;
		};
/* End PBXFrameworksBuildPhase section */

/* Begin PBXGroup section */
		06755D291A52B84D007CF56F = {
			isa = PBXGroup;
			children = (
				06755D5D1A52CBAD007CF56F /* EventKitUI.framework */,
				06755D5B1A52CBA4007CF56F /* EventKit.framework */,
				06755D341A52B84D007CF56F /* TerminEinfuegen */,
				06755D4E1A52B84D007CF56F /* TerminEinfuegenTests */,
				06755D331A52B84D007CF56F /* Products */,
			);
			sourceTree = "<group>";
		};
		06755D331A52B84D007CF56F /* Products */ = {
			isa = PBXGroup;
			children = (
				06755D321A52B84D007CF56F /* TerminEinfuegen.app */,
				06755D4B1A52B84D007CF56F /* TerminEinfuegenTests.xctest */,
			);
			name = Products;
			sourceTree = "<group>";
		};
		06755D341A52B84D007CF56F /* TerminEinfuegen */ = {
			isa = PBXGroup;
			children = (
				06755D391A52B84D007CF56F /* AppDelegate.h */,
				06755D3A1A52B84D007CF56F /* AppDelegate.m */,
				06755D3C1A52B84D007CF56F /* ViewController.h */,
				06755D3D1A52B84D007CF56F /* ViewController.m */,
				06755D3F1A52B84D007CF56F /* Main.storyboard */,
				06755D421A52B84D007CF56F /* Images.xcassets */,
				06755D441A52B84D007CF56F /* LaunchScreen.xib */,
				06755D351A52B84D007CF56F /* Supporting Files */,
			);
			path = TerminEinfuegen;
			sourceTree = "<group>";
		};
		06755D351A52B84D007CF56F /* Supporting Files */ = {
			isa = PBXGroup;
			children = (
				06755D361A52B84D007CF56F /* Info.plist */,
				06755D371A52B84D007CF56F /* main.m */,
			);
			name = "Supporting Files";
			sourceTree = "<group>";
		};
		06755D4E1A52B84D007CF56F /* TerminEinfuegenTests */ = {
			isa = PBXGroup;
			children = (
				06755D511A52B84D007CF56F /* TerminEinfuegenTests.m */,
				06755D4F1A52B84D007CF56F /* Supporting Files */,
			);
			path = TerminEinfuegenTests;
			sourceTree = "<group>";
		};
		06755D4F1A52B84D007CF56F /* Supporting Files */ = {
			isa = PBXGroup;
			children = (
				06755D501A52B84D007CF56F /* Info.plist */,
			);
			name = "Supporting Files";
			sourceTree = "<group>";
		};
/* End PBXGroup section */

/* Begin PBXNativeTarget section */
		06755D311A52B84D007CF56F /* TerminEinfuegen */ = {
			isa = PBXNativeTarget;
			buildConfigurationList = 06755D551A52B84D007CF56F /* Build configuration list for PBXNativeTarget "TerminEinfuegen" */;
			buildPhases = (
				06755D2E1A52B84D007CF56F /* Sources */,
				06755D2F1A52B84D007CF56F /* Frameworks */,
				06755D301A52B84D007CF56F /* Resources */,
			);
			buildRules = (
			);
			dependencies = (
			);
			name = TerminEinfuegen;
			productName = TerminEinfuegen;
			productReference = 06755D321A52B84D007CF56F /* TerminEinfuegen.app */;
			productType = "com.apple.product-type.application";
		};
		06755D4A1A52B84D007CF56F /* TerminEinfuegenTests */ = {
			isa = PBXNativeTarget;
			buildConfigurationList = 06755D581A52B84D007CF56F /* Build configuration list for PBXNativeTarget "TerminEinfuegenTests" */;
			buildPhases = (
				06755D471A52B84D007CF56F /* Sources */,
				06755D481A52B84D007CF56F /* Frameworks */,
				06755D491A52B84D007CF56F /* Resources */,
			);
			buildRules = (
			);
			dependencies = (
				06755D4D1A52B84D007CF56F /* PBXTargetDependency */,
			);
			name = TerminEinfuegenTests;
			productName = TerminEinfuegenTests;
			productReference = 06755D4B1A52B84D007CF56F /* TerminEinfuegenTests.xctest */;
			productType = "com.apple.product-type.bundle.unit-test";
		};
/* End PBXNativeTarget section */

/* Begin PBXProject section */
		06755D2A1A52B84D007CF56F /* Project object */ = {
			isa = PBXProject;
			attributes = {
				LastUpgradeCheck = 0610;
				ORGANIZATIONNAME = "Michael Radlmaier";
				TargetAttributes = {
					06755D311A52B84D007CF56F = {
						CreatedOnToolsVersion = 6.1.1;
						DevelopmentTeam = X9FNEBQ8HQ;
					};
					06755D4A1A52B84D007CF56F = {
						CreatedOnToolsVersion = 6.1.1;
						TestTargetID = 06755D311A52B84D007CF56F;
					};
				};
			};
			buildConfigurationList = 06755D2D1A52B84D007CF56F /* Build configuration list for PBXProject "TerminEinfuegen" */;
			compatibilityVersion = "Xcode 3.2";
			developmentRegion = English;
			hasScannedForEncodings = 0;
			knownRegions = (
				en,
				Base,
			);
			mainGroup = 06755D291A52B84D007CF56F;
			productRefGroup = 06755D331A52B84D007CF56F /* Products */;
			projectDirPath = "";
			projectRoot = "";
			targets = (
				06755D311A52B84D007CF56F /* TerminEinfuegen */,
				06755D4A1A52B84D007CF56F /* TerminEinfuegenTests */,
			);
		};
/* End PBXProject section */

/* Begin PBXResourcesBuildPhase section */
		06755D301A52B84D007CF56F /* Resources */ = {
			isa = PBXResourcesBuildPhase;
			buildActionMask = 2147483647;
			files = (
				06755D411A52B84D007CF56F /* Main.storyboard in Resources */,
				06755D461A52B84D007CF56F /* LaunchScreen.xib in Resources */,
				06755D431A52B84D007CF56F /* Images.xcassets in Resources */,
			);
			runOnlyForDeploymentPostprocessing = 0;
		};
		06755D491A52B84D007CF56F /* Resources */ = {
			isa = PBXResourcesBuildPhase;
			buildActionMask = 2147483647;
			files = (
			);
			runOnlyForDeploymentPostprocessing = 0;
		};
/* End PBXResourcesBuildPhase section */

/* Begin PBXSourcesBuildPhase section */
		06755D2E1A52B84D007CF56F /* Sources */ = {
			isa = PBXSourcesBuildPhase;
			buildActionMask = 2147483647;
			files = (
				06755D3E1A52B84D007CF56F /* ViewController.m in Sources */,
				06755D3B1A52B84D007CF56F /* AppDelegate.m in Sources */,
				06755D381A52B84D007CF56F /* main.m in Sources */,
			);
			runOnlyForDeploymentPostprocessing = 0;
		};
		06755D471A52B84D007CF56F /* Sources */ = {
			isa = PBXSourcesBuildPhase;
			buildActionMask = 2147483647;
			files = (
				06755D521A52B84D007CF56F /* TerminEinfuegenTests.m in Sources */,
			);
			runOnlyForDeploymentPostprocessing = 0;
		};
/* End PBXSourcesBuildPhase section */

/* Begin PBXTargetDependency section */
		06755D4D1A52B84D007CF56F /* PBXTargetDependency */ = {
			isa = PBXTargetDependency;
			target = 06755D311A52B84D007CF56F /* TerminEinfuegen */;
			targetProxy = 06755D4C1A52B84D007CF56F /* PBXContainerItemProxy */;
		};
/* End PBXTargetDependency section */

/* Begin PBXVariantGroup section */
		06755D3F1A52B84D007CF56F /* Main.storyboard */ = {
			isa = PBXVariantGroup;
			children = (
				06755D401A52B84D007CF56F /* Base */,
			);
			name = Main.storyboard;
			sourceTree = "<group>";
		};
		06755D441A52B84D007CF56F /* LaunchScreen.xib */ = {
			isa = PBXVariantGroup;
			children = (
				06755D451A52B84D007CF56F /* Base */,
			);
			name = LaunchScreen.xib;
			sourceTree = "<group>";
		};
/* End PBXVariantGroup section */

/* Begin XCBuildConfiguration section */
		06755D531A52B84D007CF56F /* Debug */ = {
			isa = XCBuildConfiguration;
			buildSettings = {
				ALWAYS_SEARCH_USER_PATHS = NO;
				CLANG_CXX_LANGUAGE_STANDARD = "gnu++0x";
				CLANG_CXX_LIBRARY = "libc++";
				CLANG_ENABLE_MODULES = YES;
				CLANG_ENABLE_OBJC_ARC = YES;
				CLANG_WARN_BOOL_CONVERSION = YES;
				CLANG_WARN_CONSTANT_CONVERSION = YES;
				CLANG_WARN_DIRECT_OBJC_ISA_USAGE = YES_ERROR;
				CLANG_WARN_EMPTY_BODY = YES;
				CLANG_WARN_ENUM_CONVERSION = YES;
				CLANG_WARN_INT_CONVERSION = YES;
				CLANG_WARN_OBJC_ROOT_CLASS = YES_ERROR;
				CLANG_WARN_UNREACHABLE_CODE = YES;
				CLANG_WARN__DUPLICATE_METHOD_MATCH = YES;
				"CODE_SIGN_IDENTITY[sdk=iphoneos*]" = "iPhone Developer";
				COPY_PHASE_STRIP = NO;
				ENABLE_STRICT_OBJC_MSGSEND = YES;
				GCC_C_LANGUAGE_STANDARD = gnu99;
				GCC_DYNAMIC_NO_PIC = NO;
				GCC_OPTIMIZATION_LEVEL = 0;
				GCC_PREPROCESSOR_DEFINITIONS = (
					"DEBUG=1",
					"$(inherited)",
				);
				GCC_SYMBOLS_PRIVATE_EXTERN = NO;
				GCC_WARN_64_TO_32_BIT_CONVERSION = YES;
				GCC_WARN_ABOUT_RETURN_TYPE = YES_ERROR;
				GCC_WARN_UNDECLARED_SELECTOR = YES;
				GCC_WARN_UNINITIALIZED_AUTOS = YES_AGGRESSIVE;
				GCC_WARN_UNUSED_FUNCTION = YES;
				GCC_WARN_UNUSED_VARIABLE = YES;
				IPHONEOS_DEPLOYMENT_TARGET = 8.1;
				MTL_ENABLE_DEBUG_INFO = YES;
				ONLY_ACTIVE_ARCH = YES;
				SDKROOT = iphoneos;
				TARGETED_DEVICE_FAMILY = "1,2";
			};
			name = Debug;
		};
		06755D541A52B84D007CF56F /* Release */ = {
			isa = XCBuildConfiguration;
			buildSettings = {
				ALWAYS_SEARCH_USER_PATHS = NO;
				CLANG_CXX_LANGUAGE_STANDARD = "gnu++0x";
				CLANG_CXX_LIBRARY = "libc++";
				CLANG_ENABLE_MODULES = YES;
				CLANG_ENABLE_OBJC_ARC = YES;
				CLANG_WARN_BOOL_CONVERSION = YES;
				CLANG_WARN_CONSTANT_CONVERSION = YES;
				CLANG_WARN_DIRECT_OBJC_ISA_USAGE = YES_ERROR;
				CLANG_WARN_EMPTY_BODY = YES;
				CLANG_WARN_ENUM_CONVERSION = YES;
				CLANG_WARN_INT_CONVERSION = YES;
				CLANG_WARN_OBJC_ROOT_CLASS = YES_ERROR;
				CLANG_WARN_UNREACHABLE_CODE = YES;
				CLANG_WARN__DUPLICATE_METHOD_MATCH = YES;
				"CODE_SIGN_IDENTITY[sdk=iphoneos*]" = "iPhone Developer";
				COPY_PHASE_STRIP = YES;
				ENABLE_NS_ASSERTIONS = NO;
				ENABLE_STRICT_OBJC_MSGSEND = YES;
				GCC_C_LANGUAGE_STANDARD = gnu99;
				GCC_WARN_64_TO_32_BIT_CONVERSION = YES;
				GCC_WARN_ABOUT_RETURN_TYPE = YES_ERROR;
				GCC_WARN_UNDECLARED_SELECTOR = YES;
				GCC_WARN_UNINITIALIZED_AUTOS = YES_AGGRESSIVE;
				GCC_WARN_UNUSED_FUNCTION = YES;
				GCC_WARN_UNUSED_VARIABLE = YES;
				IPHONEOS_DEPLOYMENT_TARGET = 8.1;
				MTL_ENABLE_DEBUG_INFO = NO;
				SDKROOT = iphoneos;
				TARGETED_DEVICE_FAMILY = "1,2";
				VALIDATE_PRODUCT = YES;
			};
			name = Release;
		};
		06755D561A52B84D007CF56F /* Debug */ = {
			isa = XCBuildConfiguration;
			buildSettings = {
				ASSETCATALOG_COMPILER_APPICON_NAME = AppIcon;
				CODE_SIGN_IDENTITY = "iPhone Developer";
				INFOPLIST_FILE = TerminEinfuegen/Info.plist;
				IPHONEOS_DEPLOYMENT_TARGET = 7.0;
				LD_RUNPATH_SEARCH_PATHS = "$(inherited) @executable_path/Frameworks";
				PRODUCT_NAME = "$(TARGET_NAME)";
				TARGETED_DEVICE_FAMILY = 1;
			};
			name = Debug;
		};
		06755D571A52B84D007CF56F /* Release */ = {
			isa = XCBuildConfiguration;
			buildSettings = {
				ASSETCATALOG_COMPILER_APPICON_NAME = AppIcon;
				CODE_SIGN_IDENTITY = "iPhone Developer";
				INFOPLIST_FILE = TerminEinfuegen/Info.plist;
				IPHONEOS_DEPLOYMENT_TARGET = 7.0;
				LD_RUNPATH_SEARCH_PATHS = "$(inherited) @executable_path/Frameworks";
				PRODUCT_NAME = "$(TARGET_NAME)";
				TARGETED_DEVICE_FAMILY = 1;
			};
			name = Release;
		};
		06755D591A52B84D007CF56F /* Debug */ = {
			isa = XCBuildConfiguration;
			buildSettings = {
				BUNDLE_LOADER = "$(TEST_HOST)";
				FRAMEWORK_SEARCH_PATHS = (
					"$(SDKROOT)/Developer/Library/Frameworks",
					"$(inherited)",
				);
				GCC_PREPROCESSOR_DEFINITIONS = (
					"DEBUG=1",
					"$(inherited)",
				);
				INFOPLIST_FILE = TerminEinfuegenTests/Info.plist;
				LD_RUNPATH_SEARCH_PATHS = "$(inherited) @executable_path/Frameworks @loader_path/Frameworks";
				PRODUCT_NAME = "$(TARGET_NAME)";
				TEST_HOST = "$(BUILT_PRODUCTS_DIR)/TerminEinfuegen.app/TerminEinfuegen";
			};
			name = Debug;
		};
		06755D5A1A52B84D007CF56F /* Release */ = {
			isa = XCBuildConfiguration;
			buildSettings = {
				BUNDLE_LOADER = "$(TEST_HOST)";
				FRAMEWORK_SEARCH_PATHS = (
					"$(SDKROOT)/Developer/Library/Frameworks",
					"$(inherited)",
				);
				INFOPLIST_FILE = TerminEinfuegenTests/Info.plist;
				LD_RUNPATH_SEARCH_PATHS = "$(inherited) @executable_path/Frameworks @loader_path/Frameworks";
				PRODUCT_NAME = "$(TARGET_NAME)";
				TEST_HOST = "$(BUILT_PRODUCTS_DIR)/TerminEinfuegen.app/TerminEinfuegen";
			};
			name = Release;
		};
/* End XCBuildConfiguration section */

/* Begin XCConfigurationList section */
		06755D2D1A52B84D007CF56F /* Build configuration list for PBXProject "TerminEinfuegen" */ = {
			isa = XCConfigurationList;
			buildConfigurations = (
				06755D531A52B84D007CF56F /* Debug */,
				06755D541A52B84D007CF56F /* Release */,
			);
			defaultConfigurationIsVisible = 0;
			defaultConfigurationName = Release;
		};
		06755D551A52B84D007CF56F /* Build configuration list for PBXNativeTarget "TerminEinfuegen" */ = {
			isa = XCConfigurationList;
			buildConfigurations = (
				06755D561A52B84D007CF56F /* Debug */,
				06755D571A52B84D007CF56F /* Release */,
			);
			defaultConfigurationIsVisible = 0;
			defaultConfigurationName = Release;
		};
		06755D581A52B84D007CF56F /* Build configuration list for PBXNativeTarget "TerminEinfuegenTests" */ = {
			isa = XCConfigurationList;
			buildConfigurations = (
				06755D591A52B84D007CF56F /* Debug */,
				06755D5A1A52B84D007CF56F /* Release */,
			);
			defaultConfigurationIsVisible = 0;
			defaultConfigurationName = Release;
		};
/* End XCConfigurationList section */
	};
	rootObject = 06755D2A1A52B84D007CF56F /* Project object */;
}
